
Microsoft Visual Studio Solution File, Format Version 12.00
# Visual Studio Version 16
VisualStudioVersion = 16.0.29411.108
MinimumVisualStudioVersion = 10.0.40219.1
Project("{FAE04EC0-301F-11D3-BF4B-00C04F79EFBC}") = "NvidiaHijackSharp", "NvidiaHijackSharp\NvidiaHijackSharp.csproj", "{84DCE40E-5F80-4BC2-98B9-2FA4A0E3CE60}"
EndProject
Global
	GlobalSection(SolutionConfigurationPlatforms) = preSolution
		Debug|Any CPU = Debug|Any CPU
		Release|Any CPU = Release|Any CPU
	EndGlobalSection
	GlobalSection(ProjectConfigurationPlatforms) = postSolution
		{84DCE40E-5F80-4BC2-98B9-2FA4A0E3CE60}.Debug|Any CPU.ActiveCfg = Debug|Any CPU
		{84DCE40E-5F80-4BC2-98B9-2FA4A0E3CE60}.Debug|Any CPU.Build.0 = Debug|Any CPU
		{84DCE40E-5F80-4BC2-98B9-2FA4A0E3CE60}.Release|Any CPU.ActiveCfg = Release|Any CPU
		{84DCE40E-5F80-4BC2-98B9-2FA4A0E3CE60}.Release|Any CPU.Build.0 = Release|Any CPU
	EndGlobalSection
	GlobalSection(SolutionProperties) = preSolution
		HideSolutionNode = FALSE
	EndGlobalSection
	GlobalSection(ExtensibilityGlobals) = postSolution
		SolutionGuid = {6DB7394C-A3FA-49B2-AE17-271F9C6D46C0}
	EndGlobalSection
EndGlobal
